// !$*UTF8*$!
{
	archiveVersion = 1;
	classes = {
	};
	objectVersion = 50;
	objects = {

/* Begin PBXBuildFile section */
		D393E72521216D21009A7BA3 /* AppDelegate.swift in Sources */ = {isa = PBXBuildFile; fileRef = D393E72421216D21009A7BA3 /* AppDelegate.swift */; };
		D393E72A21216D21009A7BA3 /* Main.storyboard in Resources */ = {isa = PBXBuildFile; fileRef = D393E72821216D21009A7BA3 /* Main.storyboard */; };
		D393E72C21216D26009A7BA3 /* Assets.xcassets in Resources */ = {isa = PBXBuildFile; fileRef = D393E72B21216D26009A7BA3 /* Assets.xcassets */; };
		D393E72F21216D26009A7BA3 /* LaunchScreen.storyboard in Resources */ = {isa = PBXBuildFile; fileRef = D393E72D21216D26009A7BA3 /* LaunchScreen.storyboard */; };
		D393E7372121743A009A7BA3 /* TableViewController.swift in Sources */ = {isa = PBXBuildFile; fileRef = D393E7362121743A009A7BA3 /* TableViewController.swift */; };
		D393E739212177D2009A7BA3 /* Person.swift in Sources */ = {isa = PBXBuildFile; fileRef = D393E738212177D2009A7BA3 /* Person.swift */; };
		D3CC74692124148C00F2E907 /* DetailViewController.swift in Sources */ = {isa = PBXBuildFile; fileRef = D3CC74682124148C00F2E907 /* DetailViewController.swift */; };
		D3EE35C32122AB29009B863F /* PersonCell.swift in Sources */ = {isa = PBXBuildFile; fileRef = D3EE35C22122AB29009B863F /* PersonCell.swift */; };
/* End PBXBuildFile section */

/* Begin PBXFileReference section */
		D393E72121216D21009A7BA3 /* Swift_Demo1.app */ = {isa = PBXFileReference; explicitFileType = wrapper.application; includeInIndex = 0; path = Swift_Demo1.app; sourceTree = BUILT_PRODUCTS_DIR; };
		D393E72421216D21009A7BA3 /* AppDelegate.swift */ = {isa = PBXFileReference; lastKnownFileType = sourcecode.swift; path = AppDelegate.swift; sourceTree = "<group>"; };
		D393E72921216D21009A7BA3 /* Base */ = {isa = PBXFileReference; lastKnownFileType = file.storyboard; name = Base; path = Base.lproj/Main.storyboard; sourceTree = "<group>"; };
		D393E72B21216D26009A7BA3 /* Assets.xcassets */ = {isa = PBXFileReference; lastKnownFileType = folder.assetcatalog; path = Assets.xcassets; sourceTree = "<group>"; };
		D393E72E21216D26009A7BA3 /* Base */ = {isa = PBXFileReference; lastKnownFileType = file.storyboard; name = Base; path = Base.lproj/LaunchScreen.storyboard; sourceTree = "<group>"; };
		D393E73021216D26009A7BA3 /* Info.plist */ = {isa = PBXFileReference; lastKnownFileType = text.plist.xml; path = Info.plist; sourceTree = "<group>"; };
		D393E7362121743A009A7BA3 /* TableViewController.swift */ = {isa = PBXFileReference; lastKnownFileType = sourcecode.swift; path = TableViewController.swift; sourceTree = "<group>"; };
		D393E738212177D2009A7BA3 /* Person.swift */ = {isa = PBXFileReference; lastKnownFileType = sourcecode.swift; path = Person.swift; sourceTree = "<group>"; };
		D3CC74682124148C00F2E907 /* DetailViewController.swift */ = {isa = PBXFileReference; lastKnownFileType = sourcecode.swift; path = DetailViewController.swift; sourceTree = "<group>"; };
		D3EE35C22122AB29009B863F /* PersonCell.swift */ = {isa = PBXFileReference; lastKnownFileType = sourcecode.swift; path = PersonCell.swift; sourceTree = "<group>"; };
/* End PBXFileReference section */

/* Begin PBXFrameworksBuildPhase section */
		D393E71E21216D21009A7BA3 /* Frameworks */ = {
			isa = PBXFrameworksBuildPhase;
			buildActionMask = 2147483647;
			files = (
			);
			runOnlyForDeploymentPostprocessing = 0;
		};
/* End PBXFrameworksBuildPhase section */

/* Begin PBXGroup section */
		D393E71821216D21009A7BA3 = {
			isa = PBXGroup;
			children = (
				D393E72321216D21009A7BA3 /* Swift_Demo1 */,
				D393E72221216D21009A7BA3 /* Products */,
			);
			sourceTree = "<group>";
		};
		D393E72221216D21009A7BA3 /* Products */ = {
			isa = PBXGroup;
			children = (
				D393E72121216D21009A7BA3 /* Swift_Demo1.app */,
			);
			name = Products;
			sourceTree = "<group>";
		};
		D393E72321216D21009A7BA3 /* Swift_Demo1 */ = {
			isa = PBXGroup;
			children = (
				D393E72421216D21009A7BA3 /* AppDelegate.swift */,
				D393E7362121743A009A7BA3 /* TableViewController.swift */,
				D3CC74682124148C00F2E907 /* DetailViewController.swift */,
				D393E738212177D2009A7BA3 /* Person.swift */,
				D3EE35C22122AB29009B863F /* PersonCell.swift */,
				D393E72821216D21009A7BA3 /* Main.storyboard */,
				D393E72B21216D26009A7BA3 /* Assets.xcassets */,
				D393E72D21216D26009A7BA3 /* LaunchScreen.storyboard */,
				D393E73021216D26009A7BA3 /* Info.plist */,
			);
			path = Swift_Demo1;
			sourceTree = "<group>";
		};
/* End PBXGroup section */

/* Begin PBXNativeTarget section */
		D393E72021216D21009A7BA3 /* Swift_Demo1 */ = {
			isa = PBXNativeTarget;
			buildConfigurationList = D393E73321216D26009A7BA3 /* Build configuration list for PBXNativeTarget "Swift_Demo1" */;
			buildPhases = (
				D393E71D21216D21009A7BA3 /* Sources */,
				D393E71E21216D21009A7BA3 /* Frameworks */,
				D393E71F21216D21009A7BA3 /* Resources */,
			);
			buildRules = (
			);
			dependencies = (
			);
			name = Swift_Demo1;
			productName = Swift_Demo1;
			productReference = D393E72121216D21009A7BA3 /* Swift_Demo1.app */;
			productType = "com.apple.product-type.application";
		};
/* End PBXNativeTarget section */

/* Begin PBXProject section */
		D393E71921216D21009A7BA3 /* Project object */ = {
			isa = PBXProject;
			attributes = {
				LastSwiftUpdateCheck = 0940;
				LastUpgradeCheck = 0940;
				ORGANIZATIONNAME = houke;
				TargetAttributes = {
					D393E72021216D21009A7BA3 = {
						CreatedOnToolsVersion = 9.4.1;
					};
				};
			};
			buildConfigurationList = D393E71C21216D21009A7BA3 /* Build configuration list for PBXProject "Swift_Demo1" */;
			compatibilityVersion = "Xcode 9.3";
			developmentRegion = en;
			hasScannedForEncodings = 0;
			knownRegions = (
				en,
				Base,
			);
			mainGroup = D393E71821216D21009A7BA3;
			productRefGroup = D393E72221216D21009A7BA3 /* Products */;
			projectDirPath = "";
			projectRoot = "";
			targets = (
				D393E72021216D21009A7BA3 /* Swift_Demo1 */,
			);
		};
/* End PBXProject section */

/* Begin PBXResourcesBuildPhase section */
		D393E71F21216D21009A7BA3 /* Resources */ = {
			isa = PBXResourcesBuildPhase;
			buildActionMask = 2147483647;
			files = (
				D393E72F21216D26009A7BA3 /* LaunchScreen.storyboard in Resources */,
				D393E72C21216D26009A7BA3 /* Assets.xcassets in Resources */,
				D393E72A21216D21009A7BA3 /* Main.storyboard in Resources */,
			);
			runOnlyForDeploymentPostprocessing = 0;
		};
/* End PBXResourcesBuildPhase section */

/* Begin PBXSourcesBuildPhase section */
		D393E71D21216D21009A7BA3 /* Sources */ = {
			isa = PBXSourcesBuildPhase;
			buildActionMask = 2147483647;
			files = (
				D393E739212177D2009A7BA3 /* Person.swift in Sources */,
				D393E72521216D21009A7BA3 /* AppDelegate.swift in Sources */,
				D3CC74692124148C00F2E907 /* DetailViewController.swift in Sources */,
				D3EE35C32122AB29009B863F /* PersonCell.swift in Sources */,
				D393E7372121743A009A7BA3 /* TableViewController.swift in Sources */,
			);
			runOnlyForDeploymentPostprocessing = 0;
		};
/* End PBXSourcesBuildPhase section */

/* Begin PBXVariantGroup section */
		D393E72821216D21009A7BA3 /* Main.storyboard */ = {
			isa = PBXVariantGroup;
			children = (
				D393E72921216D21009A7BA3 /* Base */,
			);
			name = Main.storyboard;
			sourceTree = "<group>";
		};
		D393E72D21216D26009A7BA3 /* LaunchScreen.storyboard */ = {
			isa = PBXVariantGroup;
			children = (
				D393E72E21216D26009A7BA3 /* Base */,
			);
			name = LaunchScreen.storyboard;
			sourceTree = "<group>";
		};
/* End PBXVariantGroup section */

/* Begin XCBuildConfiguration section */
		D393E73121216D26009A7BA3 /* Debug */ = {
			isa = XCBuildConfiguration;
			buildSettings = {
				ALWAYS_SEARCH_USER_PATHS = NO;
				CLANG_ANALYZER_NONNULL = YES;
				CLANG_ANALYZER_NUMBER_OBJECT_CONVERSION = YES_AGGRESSIVE;
				CLANG_CXX_LANGUAGE_STANDARD = "gnu++14";
				CLANG_CXX_LIBRARY = "libc++";
				CLANG_ENABLE_MODULES = YES;
				CLANG_ENABLE_OBJC_ARC = YES;
				CLANG_ENABLE_OBJC_WEAK = YES;
				CLANG_WARN_BLOCK_CAPTURE_AUTORELEASING = YES;
				CLANG_WARN_BOOL_CONVERSION = YES;
				CLANG_WARN_COMMA = YES;
				CLANG_WARN_CONSTANT_CONVERSION = YES;
				CLANG_WARN_DEPRECATED_OBJC_IMPLEMENTATIONS = YES;
				CLANG_WARN_DIRECT_OBJC_ISA_USAGE = YES_ERROR;
				CLANG_WARN_DOCUMENTATION_COMMENTS = YES;
				CLANG_WARN_EMPTY_BODY = YES;
				CLANG_WARN_ENUM_CONVERSION = YES;
				CLANG_WARN_INFINITE_RECURSION = YES;
				CLANG_WARN_INT_CONVERSION = YES;
				CLANG_WARN_NON_LITERAL_NULL_CONVERSION = YES;
				CLANG_WARN_OBJC_IMPLICIT_RETAIN_SELF = YES;
				CLANG_WARN_OBJC_LITERAL_CONVERSION = YES;
				CLANG_WARN_OBJC_ROOT_CLASS = YES_ERROR;
				CLANG_WARN_RANGE_LOOP_ANALYSIS = YES;
				CLANG_WARN_STRICT_PROTOTYPES = YES;
				CLANG_WARN_SUSPICIOUS_MOVE = YES;
				CLANG_WARN_UNGUARDED_AVAILABILITY = YES_AGGRESSIVE;
				CLANG_WARN_UNREACHABLE_CODE = YES;
				CLANG_WARN__DUPLICATE_METHOD_MATCH = YES;
				CODE_SIGN_IDENTITY = "iPhone Developer";
				COPY_PHASE_STRIP = NO;
				DEBUG_INFORMATION_FORMAT = dwarf;
				ENABLE_STRICT_OBJC_MSGSEND = YES;
				ENABLE_TESTABILITY = YES;
				GCC_C_LANGUAGE_STANDARD = gnu11;
				GCC_DYNAMIC_NO_PIC = NO;
				GCC_NO_COMMON_BLOCKS = YES;
				GCC_OPTIMIZATION_LEVEL = 0;
				GCC_PREPROCESSOR_DEFINITIONS = (
					"DEBUG=1",
					"$(inherited)",
				);
				GCC_WARN_64_TO_32_BIT_CONVERSION = YES;
				GCC_WARN_ABOUT_RETURN_TYPE = YES_ERROR;
				GCC_WARN_UNDECLARED_SELECTOR = YES;
				GCC_WARN_UNINITIALIZED_AUTOS = YES_AGGRESSIVE;
				GCC_WARN_UNUSED_FUNCTION = YES;
				GCC_WARN_UNUSED_VARIABLE = YES;
				IPHONEOS_DEPLOYMENT_TARGET = 11.4;
				MTL_ENABLE_DEBUG_INFO = YES;
				ONLY_ACTIVE_ARCH = YES;
				SDKROOT = iphoneos;
				SWIFT_ACTIVE_COMPILATION_CONDITIONS = DEBUG;
				SWIFT_OPTIMIZATION_LEVEL = "-Onone";
			};
			name = Debug;
		};
		D393E73221216D26009A7BA3 /* Release */ = {
			isa = XCBuildConfiguration;
			buildSettings = {
				ALWAYS_SEARCH_USER_PATHS = NO;
				CLANG_ANALYZER_NONNULL = YES;
				CLANG_ANALYZER_NUMBER_OBJECT_CONVERSION = YES_AGGRESSIVE;
				CLANG_CXX_LANGUAGE_STANDARD = "gnu++14";
				CLANG_CXX_LIBRARY = "libc++";
				CLANG_ENABLE_MODULES = YES;
				CLANG_ENABLE_OBJC_ARC = YES;
				CLANG_ENABLE_OBJC_WEAK = YES;
				CLANG_WARN_BLOCK_CAPTURE_AUTORELEASING = YES;
				CLANG_WARN_BOOL_CONVERSION = YES;
				CLANG_WARN_COMMA = YES;
				CLANG_WARN_CONSTANT_CONVERSION = YES;
				CLANG_WARN_DEPRECATED_OBJC_IMPLEMENTATIONS = YES;
				CLANG_WARN_DIRECT_OBJC_ISA_USAGE = YES_ERROR;
				CLANG_WARN_DOCUMENTATION_COMMENTS = YES;
				CLANG_WARN_EMPTY_BODY = YES;
				CLANG_WARN_ENUM_CONVERSION = YES;
				CLANG_WARN_INFINITE_RECURSION = YES;
				CLANG_WARN_INT_CONVERSION = YES;
				CLANG_WARN_NON_LITERAL_NULL_CONVERSION = YES;
				CLANG_WARN_OBJC_IMPLICIT_RETAIN_SELF = YES;
				CLANG_WARN_OBJC_LITERAL_CONVERSION = YES;
				CLANG_WARN_OBJC_ROOT_CLASS = YES_ERROR;
				CLANG_WARN_RANGE_LOOP_ANALYSIS = YES;
				CLANG_WARN_STRICT_PROTOTYPES = YES;
				CLANG_WARN_SUSPICIOUS_MOVE = YES;
				CLANG_WARN_UNGUARDED_AVAILABILITY = YES_AGGRESSIVE;
				CLANG_WARN_UNREACHABLE_CODE = YES;
				CLANG_WARN__DUPLICATE_METHOD_MATCH = YES;
				CODE_SIGN_IDENTITY = "iPhone Developer";
				COPY_PHASE_STRIP = NO;
				DEBUG_INFORMATION_FORMAT = "dwarf-with-dsym";
				ENABLE_NS_ASSERTIONS = NO;
				ENABLE_STRICT_OBJC_MSGSEND = YES;
				GCC_C_LANGUAGE_STANDARD = gnu11;
				GCC_NO_COMMON_BLOCKS = YES;
				GCC_WARN_64_TO_32_BIT_CONVERSION = YES;
				GCC_WARN_ABOUT_RETURN_TYPE = YES_ERROR;
				GCC_WARN_UNDECLARED_SELECTOR = YES;
				GCC_WARN_UNINITIALIZED_AUTOS = YES_AGGRESSIVE;
				GCC_WARN_UNUSED_FUNCTION = YES;
				GCC_WARN_UNUSED_VARIABLE = YES;
				IPHONEOS_DEPLOYMENT_TARGET = 11.4;
				MTL_ENABLE_DEBUG_INFO = NO;
				SDKROOT = iphoneos;
				SWIFT_COMPILATION_MODE = wholemodule;
				SWIFT_OPTIMIZATION_LEVEL = "-O";
				VALIDATE_PRODUCT = YES;
			};
			name = Release;
		};
		D393E73421216D26009A7BA3 /* Debug */ = {
			isa = XCBuildConfiguration;
			buildSettings = {
				ASSETCATALOG_COMPILER_APPICON_NAME = AppIcon;
				CODE_SIGN_STYLE = Automatic;
				DEVELOPMENT_TEAM = 3HLB9VXZD6;
				INFOPLIST_FILE = Swift_Demo1/Info.plist;
				LD_RUNPATH_SEARCH_PATHS = (
					"$(inherited)",
					"@executable_path/Frameworks",
				);
				PRODUCT_BUNDLE_IDENTIFIER = "com.hk.Swift-Demo1";
				PRODUCT_NAME = "$(TARGET_NAME)";
				SWIFT_VERSION = 4.0;
				TARGETED_DEVICE_FAMILY = "1,2";
			};
			name = Debug;
		};
		D393E73521216D26009A7BA3 /* Release */ = {
			isa = XCBuildConfiguration;
			buildSettings = {
				ASSETCATALOG_COMPILER_APPICON_NAME = AppIcon;
				CODE_SIGN_STYLE = Automatic;
				DEVELOPMENT_TEAM = 3HLB9VXZD6;
				INFOPLIST_FILE = Swift_Demo1/Info.plist;
				LD_RUNPATH_SEARCH_PATHS = (
					"$(inherited)",
					"@executable_path/Frameworks",
				);
				PRODUCT_BUNDLE_IDENTIFIER = "com.hk.Swift-Demo1";
				PRODUCT_NAME = "$(TARGET_NAME)";
				SWIFT_VERSION = 4.0;
				TARGETED_DEVICE_FAMILY = "1,2";
			};
			name = Release;
		};
/* End XCBuildConfiguration section */

/* Begin XCConfigurationList section */
		D393E71C21216D21009A7BA3 /* Build configuration list for PBXProject "Swift_Demo1" */ = {
			isa = XCConfigurationList;
			buildConfigurations = (
				D393E73121216D26009A7BA3 /* Debug */,
				D393E73221216D26009A7BA3 /* Release */,
			);
			defaultConfigurationIsVisible = 0;
			defaultConfigurationName = Release;
		};
		D393E73321216D26009A7BA3 /* Build configuration list for PBXNativeTarget "Swift_Demo1" */ = {
			isa = XCConfigurationList;
			buildConfigurations = (
				D393E73421216D26009A7BA3 /* Debug */,
				D393E73521216D26009A7BA3 /* Release */,
			);
			defaultConfigurationIsVisible = 0;
			defaultConfigurationName = Release;
		};
/* End XCConfigurationList section */
	};
	rootObject = D393E71921216D21009A7BA3 /* Project object */;
}
