// !$*UTF8*$!
{
	archiveVersion = 1;
	classes = {
	};
	objectVersion = 50;
	objects = {

/* Begin PBXBuildFile section */
		D3037FDD21A4FB43003687D5 /* HKEmoticonManager.swift in Sources */ = {isa = PBXBuildFile; fileRef = D3037FD521A4FB42003687D5 /* HKEmoticonManager.swift */; };
		D3037FDE21A4FB43003687D5 /* EmoticonAttachment.swift in Sources */ = {isa = PBXBuildFile; fileRef = D3037FD621A4FB42003687D5 /* EmoticonAttachment.swift */; };
		D3037FDF21A4FB43003687D5 /* HKEmoticon.swift in Sources */ = {isa = PBXBuildFile; fileRef = D3037FD821A4FB42003687D5 /* HKEmoticon.swift */; };
		D3037FE021A4FB43003687D5 /* HKEmoticonPackage.swift in Sources */ = {isa = PBXBuildFile; fileRef = D3037FD921A4FB42003687D5 /* HKEmoticonPackage.swift */; };
		D3037FE121A4FB43003687D5 /* HKEmoticons.bundle in Resources */ = {isa = PBXBuildFile; fileRef = D3037FDA21A4FB42003687D5 /* HKEmoticons.bundle */; };
		D3037FE221A4FB43003687D5 /* HKEmoticonView.swift in Sources */ = {isa = PBXBuildFile; fileRef = D3037FDB21A4FB42003687D5 /* HKEmoticonView.swift */; };
		D3037FE321A4FB43003687D5 /* String+Emoji.swift in Sources */ = {isa = PBXBuildFile; fileRef = D3037FDC21A4FB42003687D5 /* String+Emoji.swift */; };
		D3037FE521A4FC06003687D5 /* UITextView+Emoticon.swift in Sources */ = {isa = PBXBuildFile; fileRef = D3037FE421A4FC06003687D5 /* UITextView+Emoticon.swift */; };
		D30AACDB2137E90800EE37FD /* UserAccountViewModel.swift in Sources */ = {isa = PBXBuildFile; fileRef = D30AACDA2137E90800EE37FD /* UserAccountViewModel.swift */; };
		D317384E216DEDF900E939DB /* StatusRetweetedCell.swift in Sources */ = {isa = PBXBuildFile; fileRef = D317384D216DEDF900E939DB /* StatusRetweetedCell.swift */; };
		D3453559212F9F7E000E9BC7 /* SoundTools.swift in Sources */ = {isa = PBXBuildFile; fileRef = D3453558212F9F7E000E9BC7 /* SoundTools.swift */; };
		D345355F212FF201000E9BC7 /* Swift_OCHybrid.m in Sources */ = {isa = PBXBuildFile; fileRef = D345355E212FF201000E9BC7 /* Swift_OCHybrid.m */; };
		D35C9026212BB3430096BFF6 /* UIButton+Extension.swift in Sources */ = {isa = PBXBuildFile; fileRef = D35C9025212BB3430096BFF6 /* UIButton+Extension.swift */; };
		D35C902A212BE6020096BFF6 /* VisitorTableViewController.swift in Sources */ = {isa = PBXBuildFile; fileRef = D35C9029212BE6020096BFF6 /* VisitorTableViewController.swift */; };
		D35C902C212BEB2B0096BFF6 /* VisitorView.swift in Sources */ = {isa = PBXBuildFile; fileRef = D35C902B212BEB2B0096BFF6 /* VisitorView.swift */; };
		D35F5A3021D2021900D82DB2 /* HKPhotoBrowserAnimator.swift in Sources */ = {isa = PBXBuildFile; fileRef = D35F5A2F21D2021900D82DB2 /* HKPhotoBrowserAnimator.swift */; };
		D366C67E21E30238000A140D /* NetworkToolsAFN.swift in Sources */ = {isa = PBXBuildFile; fileRef = D366C67D21E30238000A140D /* NetworkToolsAFN.swift */; };
		D383215921368977003FE31E /* String+Extension.swift in Sources */ = {isa = PBXBuildFile; fileRef = D383215821368977003FE31E /* String+Extension.swift */; };
		D383215D2136AC32003FE31E /* UserAccount.swift in Sources */ = {isa = PBXBuildFile; fileRef = D383215C2136AC32003FE31E /* UserAccount.swift */; };
		D38716A721C0E5D400231682 /* HKPhotoBrowserProgressView.swift in Sources */ = {isa = PBXBuildFile; fileRef = D38716A621C0E5D400231682 /* HKPhotoBrowserProgressView.swift */; };
		D38C66D521C34F29009D5B1C /* HKPhotoBrowserProgressImageView.swift in Sources */ = {isa = PBXBuildFile; fileRef = D38C66D421C34F29009D5B1C /* HKPhotoBrowserProgressImageView.swift */; };
		D38EC68521F8400D007D6218 /* String+Regex.swift in Sources */ = {isa = PBXBuildFile; fileRef = D38EC68421F8400D007D6218 /* String+Regex.swift */; };
		D38ED65621A3BD3000F44DE3 /* ComposeViewController.swift in Sources */ = {isa = PBXBuildFile; fileRef = D38ED65521A3BD3000F44DE3 /* ComposeViewController.swift */; };
		D38ED65A21A4066A00F44DE3 /* UIBarButtonItem+Extension.swift in Sources */ = {isa = PBXBuildFile; fileRef = D38ED65921A4066A00F44DE3 /* UIBarButtonItem+Extension.swift */; };
		D38FEE1D21EF371100857306 /* Date+Extension.swift in Sources */ = {isa = PBXBuildFile; fileRef = D38FEE1C21EF371100857306 /* Date+Extension.swift */; };
		D3928322212E8C7500D02D17 /* UILable+Extension.swift in Sources */ = {isa = PBXBuildFile; fileRef = D3928321212E8C7500D02D17 /* UILable+Extension.swift */; };
		D3928324212E9CC400D02D17 /* UIImageView+Extension.swift in Sources */ = {isa = PBXBuildFile; fileRef = D3928323212E9CC400D02D17 /* UIImageView+Extension.swift */; };
		D3928326212EB61500D02D17 /* Common.swift in Sources */ = {isa = PBXBuildFile; fileRef = D3928325212EB61500D02D17 /* Common.swift */; };
		D3934D7C212A66FA00C7886D /* AppDelegate.swift in Sources */ = {isa = PBXBuildFile; fileRef = D3934D7B212A66FA00C7886D /* AppDelegate.swift */; };
		D3934D9E212AA23C00C7886D /* MainViewController.swift in Sources */ = {isa = PBXBuildFile; fileRef = D3934D9D212AA23C00C7886D /* MainViewController.swift */; };
		D3934DA0212AA28400C7886D /* HomeTableViewController.swift in Sources */ = {isa = PBXBuildFile; fileRef = D3934D9F212AA28400C7886D /* HomeTableViewController.swift */; };
		D3934DA2212AA29C00C7886D /* MessageTableViewController.swift in Sources */ = {isa = PBXBuildFile; fileRef = D3934DA1212AA29C00C7886D /* MessageTableViewController.swift */; };
		D3934DA4212AA2AF00C7886D /* DiscoveryTableViewController.swift in Sources */ = {isa = PBXBuildFile; fileRef = D3934DA3212AA2AF00C7886D /* DiscoveryTableViewController.swift */; };
		D3934DA6212AA2C000C7886D /* ProfileTableViewController.swift in Sources */ = {isa = PBXBuildFile; fileRef = D3934DA5212AA2C000C7886D /* ProfileTableViewController.swift */; };
		D3934DA8212AA36800C7886D /* Assets.xcassets in Resources */ = {isa = PBXBuildFile; fileRef = D3934DA7212AA36800C7886D /* Assets.xcassets */; };
		D3961D7121B7767B00D28564 /* HKPhotoBrowserViewController.swift in Sources */ = {isa = PBXBuildFile; fileRef = D3961D7021B7767B00D28564 /* HKPhotoBrowserViewController.swift */; };
		D3961D7321B7A18700D28564 /* HKPhotoBrowserCell.swift in Sources */ = {isa = PBXBuildFile; fileRef = D3961D7221B7A18700D28564 /* HKPhotoBrowserCell.swift */; };
		D3992E0C213FCE7200A95554 /* Status.swift in Sources */ = {isa = PBXBuildFile; fileRef = D3992E0B213FCE7200A95554 /* Status.swift */; };
		D39A5D34213E899D00DD9552 /* Dispatch.swift in Sources */ = {isa = PBXBuildFile; fileRef = D39A5D33213E899D00DD9552 /* Dispatch.swift */; };
		D39CD4FC2140CEB700C0A289 /* StatusListViewModel.swift in Sources */ = {isa = PBXBuildFile; fileRef = D39CD4FB2140CEB700C0A289 /* StatusListViewModel.swift */; };
		D39CD4FE2140D3A900C0A289 /* User.swift in Sources */ = {isa = PBXBuildFile; fileRef = D39CD4FD2140D3A900C0A289 /* User.swift */; };
		D39CD5002140DC8400C0A289 /* StatusViewModel.swift in Sources */ = {isa = PBXBuildFile; fileRef = D39CD4FF2140DC8400C0A289 /* StatusViewModel.swift */; };
		D39CD50421412D5C00C0A289 /* StatusCell.swift in Sources */ = {isa = PBXBuildFile; fileRef = D39CD50321412D5C00C0A289 /* StatusCell.swift */; };
		D39CD50621412D7400C0A289 /* StatusCellTopView.swift in Sources */ = {isa = PBXBuildFile; fileRef = D39CD50521412D7400C0A289 /* StatusCellTopView.swift */; };
		D39CD50821412D8600C0A289 /* StatusCellBottomView.swift in Sources */ = {isa = PBXBuildFile; fileRef = D39CD50721412D8600C0A289 /* StatusCellBottomView.swift */; };
		D3A42D082134FAAD0049A4A0 /* NetworkTools.swift in Sources */ = {isa = PBXBuildFile; fileRef = D3A42D072134FAAD0049A4A0 /* NetworkTools.swift */; };
		D3A42D0F213543FD0049A4A0 /* OAuthViewController.swift in Sources */ = {isa = PBXBuildFile; fileRef = D3A42D0E213543FD0049A4A0 /* OAuthViewController.swift */; };
		D3B32D42218AEA9E00E4CE9D /* StatusNormalCell.swift in Sources */ = {isa = PBXBuildFile; fileRef = D3B32D41218AEA9D00E4CE9D /* StatusNormalCell.swift */; };
		D3B73199213911E80031C676 /* NewFeatureViewController.swift in Sources */ = {isa = PBXBuildFile; fileRef = D3B73198213911E80031C676 /* NewFeatureViewController.swift */; };
		D3B8B43F21A7E3A200B71409 /* UIImage+Extension.swift in Sources */ = {isa = PBXBuildFile; fileRef = D3B8B43E21A7E3A100B71409 /* UIImage+Extension.swift */; };
		D3B8B44221A7E45700B71409 /* HKPicturePickerController.swift in Sources */ = {isa = PBXBuildFile; fileRef = D3B8B44121A7E45700B71409 /* HKPicturePickerController.swift */; };
		D3BC80AB214769B600A0DDA9 /* StatusPictureView.swift in Sources */ = {isa = PBXBuildFile; fileRef = D3BC80AA214769B600A0DDA9 /* StatusPictureView.swift */; };
		D3CAF420218C58190098A8A4 /* WBRefreshControl.swift in Sources */ = {isa = PBXBuildFile; fileRef = D3CAF41F218C58190098A8A4 /* WBRefreshControl.swift */; };
		D3CAF424218C5BBB0098A8A4 /* WBRefreshView.xib in Resources */ = {isa = PBXBuildFile; fileRef = D3CAF423218C5BBB0098A8A4 /* WBRefreshView.xib */; };
		D3EB5A43213930E200CABADA /* UIColor+Extension.swift in Sources */ = {isa = PBXBuildFile; fileRef = D3EB5A42213930E200CABADA /* UIColor+Extension.swift */; };
		D3F9C23A213D11310036860E /* WelcomViewController.swift in Sources */ = {isa = PBXBuildFile; fileRef = D3F9C239213D11310036860E /* WelcomViewController.swift */; };
		D698A04B6ACF6E0CD092586A /* Pods_Swift_Weibo.framework in Frameworks */ = {isa = PBXBuildFile; fileRef = C1A1E5B17873A5FC68CC2D45 /* Pods_Swift_Weibo.framework */; };
/* End PBXBuildFile section */

/* Begin PBXFileReference section */
		2C01CE1CA45E9F1688560941 /* Pods-Swift_Weibo.release.xcconfig */ = {isa = PBXFileReference; includeInIndex = 1; lastKnownFileType = text.xcconfig; name = "Pods-Swift_Weibo.release.xcconfig"; path = "Pods/Target Support Files/Pods-Swift_Weibo/Pods-Swift_Weibo.release.xcconfig"; sourceTree = "<group>"; };
		53310AF4666B1717AB307204 /* Pods-Swift_Weibo.debug.xcconfig */ = {isa = PBXFileReference; includeInIndex = 1; lastKnownFileType = text.xcconfig; name = "Pods-Swift_Weibo.debug.xcconfig"; path = "Pods/Target Support Files/Pods-Swift_Weibo/Pods-Swift_Weibo.debug.xcconfig"; sourceTree = "<group>"; };
		C1A1E5B17873A5FC68CC2D45 /* Pods_Swift_Weibo.framework */ = {isa = PBXFileReference; explicitFileType = wrapper.framework; includeInIndex = 0; path = Pods_Swift_Weibo.framework; sourceTree = BUILT_PRODUCTS_DIR; };
		D3037FD521A4FB42003687D5 /* HKEmoticonManager.swift */ = {isa = PBXFileReference; fileEncoding = 4; lastKnownFileType = sourcecode.swift; path = HKEmoticonManager.swift; sourceTree = "<group>"; };
		D3037FD621A4FB42003687D5 /* EmoticonAttachment.swift */ = {isa = PBXFileReference; fileEncoding = 4; lastKnownFileType = sourcecode.swift; path = EmoticonAttachment.swift; sourceTree = "<group>"; };
		D3037FD821A4FB42003687D5 /* HKEmoticon.swift */ = {isa = PBXFileReference; fileEncoding = 4; lastKnownFileType = sourcecode.swift; path = HKEmoticon.swift; sourceTree = "<group>"; };
		D3037FD921A4FB42003687D5 /* HKEmoticonPackage.swift */ = {isa = PBXFileReference; fileEncoding = 4; lastKnownFileType = sourcecode.swift; path = HKEmoticonPackage.swift; sourceTree = "<group>"; };
		D3037FDA21A4FB42003687D5 /* HKEmoticons.bundle */ = {isa = PBXFileReference; lastKnownFileType = "wrapper.plug-in"; path = HKEmoticons.bundle; sourceTree = "<group>"; };
		D3037FDB21A4FB42003687D5 /* HKEmoticonView.swift */ = {isa = PBXFileReference; fileEncoding = 4; lastKnownFileType = sourcecode.swift; path = HKEmoticonView.swift; sourceTree = "<group>"; };
		D3037FDC21A4FB42003687D5 /* String+Emoji.swift */ = {isa = PBXFileReference; fileEncoding = 4; lastKnownFileType = sourcecode.swift; path = "String+Emoji.swift"; sourceTree = "<group>"; };
		D3037FE421A4FC06003687D5 /* UITextView+Emoticon.swift */ = {isa = PBXFileReference; fileEncoding = 4; lastKnownFileType = sourcecode.swift; path = "UITextView+Emoticon.swift"; sourceTree = "<group>"; };
		D30AACDA2137E90800EE37FD /* UserAccountViewModel.swift */ = {isa = PBXFileReference; lastKnownFileType = sourcecode.swift; path = UserAccountViewModel.swift; sourceTree = "<group>"; };
		D317384D216DEDF900E939DB /* StatusRetweetedCell.swift */ = {isa = PBXFileReference; lastKnownFileType = sourcecode.swift; path = StatusRetweetedCell.swift; sourceTree = "<group>"; };
		D3453558212F9F7E000E9BC7 /* SoundTools.swift */ = {isa = PBXFileReference; lastKnownFileType = sourcecode.swift; path = SoundTools.swift; sourceTree = "<group>"; };
		D345355C212FF200000E9BC7 /* Swift_Weibo-Bridging-Header.h */ = {isa = PBXFileReference; lastKnownFileType = sourcecode.c.h; path = "Swift_Weibo-Bridging-Header.h"; sourceTree = "<group>"; };
		D345355D212FF201000E9BC7 /* Swift_OCHybrid.h */ = {isa = PBXFileReference; lastKnownFileType = sourcecode.c.h; path = Swift_OCHybrid.h; sourceTree = "<group>"; };
		D345355E212FF201000E9BC7 /* Swift_OCHybrid.m */ = {isa = PBXFileReference; lastKnownFileType = sourcecode.c.objc; path = Swift_OCHybrid.m; sourceTree = "<group>"; };
		D35C9025212BB3430096BFF6 /* UIButton+Extension.swift */ = {isa = PBXFileReference; lastKnownFileType = sourcecode.swift; path = "UIButton+Extension.swift"; sourceTree = "<group>"; };
		D35C9029212BE6020096BFF6 /* VisitorTableViewController.swift */ = {isa = PBXFileReference; lastKnownFileType = sourcecode.swift; path = VisitorTableViewController.swift; sourceTree = "<group>"; };
		D35C902B212BEB2B0096BFF6 /* VisitorView.swift */ = {isa = PBXFileReference; lastKnownFileType = sourcecode.swift; path = VisitorView.swift; sourceTree = "<group>"; };
		D35F5A2F21D2021900D82DB2 /* HKPhotoBrowserAnimator.swift */ = {isa = PBXFileReference; lastKnownFileType = sourcecode.swift; path = HKPhotoBrowserAnimator.swift; sourceTree = "<group>"; };
		D366C67D21E30238000A140D /* NetworkToolsAFN.swift */ = {isa = PBXFileReference; lastKnownFileType = sourcecode.swift; path = NetworkToolsAFN.swift; sourceTree = "<group>"; };
		D383215821368977003FE31E /* String+Extension.swift */ = {isa = PBXFileReference; lastKnownFileType = sourcecode.swift; path = "String+Extension.swift"; sourceTree = "<group>"; };
		D383215C2136AC32003FE31E /* UserAccount.swift */ = {isa = PBXFileReference; lastKnownFileType = sourcecode.swift; path = UserAccount.swift; sourceTree = "<group>"; };
		D38716A621C0E5D400231682 /* HKPhotoBrowserProgressView.swift */ = {isa = PBXFileReference; lastKnownFileType = sourcecode.swift; path = HKPhotoBrowserProgressView.swift; sourceTree = "<group>"; };
		D38C66D421C34F29009D5B1C /* HKPhotoBrowserProgressImageView.swift */ = {isa = PBXFileReference; lastKnownFileType = sourcecode.swift; path = HKPhotoBrowserProgressImageView.swift; sourceTree = "<group>"; };
		D38EC68421F8400D007D6218 /* String+Regex.swift */ = {isa = PBXFileReference; fileEncoding = 4; lastKnownFileType = sourcecode.swift; path = "String+Regex.swift"; sourceTree = "<group>"; };
		D38ED65521A3BD3000F44DE3 /* ComposeViewController.swift */ = {isa = PBXFileReference; lastKnownFileType = sourcecode.swift; path = ComposeViewController.swift; sourceTree = "<group>"; };
		D38ED65921A4066A00F44DE3 /* UIBarButtonItem+Extension.swift */ = {isa = PBXFileReference; lastKnownFileType = sourcecode.swift; path = "UIBarButtonItem+Extension.swift"; sourceTree = "<group>"; };
		D38FEE1C21EF371100857306 /* Date+Extension.swift */ = {isa = PBXFileReference; lastKnownFileType = sourcecode.swift; path = "Date+Extension.swift"; sourceTree = "<group>"; };
		D3928321212E8C7500D02D17 /* UILable+Extension.swift */ = {isa = PBXFileReference; lastKnownFileType = sourcecode.swift; path = "UILable+Extension.swift"; sourceTree = "<group>"; };
		D3928323212E9CC400D02D17 /* UIImageView+Extension.swift */ = {isa = PBXFileReference; lastKnownFileType = sourcecode.swift; path = "UIImageView+Extension.swift"; sourceTree = "<group>"; };
		D3928325212EB61500D02D17 /* Common.swift */ = {isa = PBXFileReference; lastKnownFileType = sourcecode.swift; path = Common.swift; sourceTree = "<group>"; };
		D3934D78212A66FA00C7886D /* Weibo.app */ = {isa = PBXFileReference; explicitFileType = wrapper.application; includeInIndex = 0; path = Weibo.app; sourceTree = BUILT_PRODUCTS_DIR; };
		D3934D7B212A66FA00C7886D /* AppDelegate.swift */ = {isa = PBXFileReference; lastKnownFileType = sourcecode.swift; path = AppDelegate.swift; sourceTree = "<group>"; };
		D3934D9D212AA23C00C7886D /* MainViewController.swift */ = {isa = PBXFileReference; lastKnownFileType = sourcecode.swift; path = MainViewController.swift; sourceTree = "<group>"; };
		D3934D9F212AA28400C7886D /* HomeTableViewController.swift */ = {isa = PBXFileReference; lastKnownFileType = sourcecode.swift; path = HomeTableViewController.swift; sourceTree = "<group>"; };
		D3934DA1212AA29C00C7886D /* MessageTableViewController.swift */ = {isa = PBXFileReference; lastKnownFileType = sourcecode.swift; path = MessageTableViewController.swift; sourceTree = "<group>"; };
		D3934DA3212AA2AF00C7886D /* DiscoveryTableViewController.swift */ = {isa = PBXFileReference; lastKnownFileType = sourcecode.swift; path = DiscoveryTableViewController.swift; sourceTree = "<group>"; };
		D3934DA5212AA2C000C7886D /* ProfileTableViewController.swift */ = {isa = PBXFileReference; lastKnownFileType = sourcecode.swift; path = ProfileTableViewController.swift; sourceTree = "<group>"; };
		D3934DA7212AA36800C7886D /* Assets.xcassets */ = {isa = PBXFileReference; lastKnownFileType = folder.assetcatalog; path = Assets.xcassets; sourceTree = "<group>"; };
		D3961D7021B7767B00D28564 /* HKPhotoBrowserViewController.swift */ = {isa = PBXFileReference; lastKnownFileType = sourcecode.swift; path = HKPhotoBrowserViewController.swift; sourceTree = "<group>"; };
		D3961D7221B7A18700D28564 /* HKPhotoBrowserCell.swift */ = {isa = PBXFileReference; lastKnownFileType = sourcecode.swift; path = HKPhotoBrowserCell.swift; sourceTree = "<group>"; };
		D3992E0B213FCE7200A95554 /* Status.swift */ = {isa = PBXFileReference; lastKnownFileType = sourcecode.swift; path = Status.swift; sourceTree = "<group>"; };
		D39A5D33213E899D00DD9552 /* Dispatch.swift */ = {isa = PBXFileReference; lastKnownFileType = sourcecode.swift; path = Dispatch.swift; sourceTree = "<group>"; };
		D39CD4FB2140CEB700C0A289 /* StatusListViewModel.swift */ = {isa = PBXFileReference; lastKnownFileType = sourcecode.swift; path = StatusListViewModel.swift; sourceTree = "<group>"; };
		D39CD4FD2140D3A900C0A289 /* User.swift */ = {isa = PBXFileReference; lastKnownFileType = sourcecode.swift; path = User.swift; sourceTree = "<group>"; };
		D39CD4FF2140DC8400C0A289 /* StatusViewModel.swift */ = {isa = PBXFileReference; lastKnownFileType = sourcecode.swift; path = StatusViewModel.swift; sourceTree = "<group>"; };
		D39CD50321412D5C00C0A289 /* StatusCell.swift */ = {isa = PBXFileReference; lastKnownFileType = sourcecode.swift; path = StatusCell.swift; sourceTree = "<group>"; };
		D39CD50521412D7400C0A289 /* StatusCellTopView.swift */ = {isa = PBXFileReference; lastKnownFileType = sourcecode.swift; path = StatusCellTopView.swift; sourceTree = "<group>"; };
		D39CD50721412D8600C0A289 /* StatusCellBottomView.swift */ = {isa = PBXFileReference; lastKnownFileType = sourcecode.swift; path = StatusCellBottomView.swift; sourceTree = "<group>"; };
		D3A42D072134FAAD0049A4A0 /* NetworkTools.swift */ = {isa = PBXFileReference; lastKnownFileType = sourcecode.swift; path = NetworkTools.swift; sourceTree = "<group>"; };
		D3A42D0E213543FD0049A4A0 /* OAuthViewController.swift */ = {isa = PBXFileReference; lastKnownFileType = sourcecode.swift; path = OAuthViewController.swift; sourceTree = "<group>"; };
		D3B32D41218AEA9D00E4CE9D /* StatusNormalCell.swift */ = {isa = PBXFileReference; lastKnownFileType = sourcecode.swift; path = StatusNormalCell.swift; sourceTree = "<group>"; };
		D3B73198213911E80031C676 /* NewFeatureViewController.swift */ = {isa = PBXFileReference; lastKnownFileType = sourcecode.swift; path = NewFeatureViewController.swift; sourceTree = "<group>"; };
		D3B8B43E21A7E3A100B71409 /* UIImage+Extension.swift */ = {isa = PBXFileReference; fileEncoding = 4; lastKnownFileType = sourcecode.swift; path = "UIImage+Extension.swift"; sourceTree = "<group>"; };
		D3B8B44121A7E45700B71409 /* HKPicturePickerController.swift */ = {isa = PBXFileReference; fileEncoding = 4; lastKnownFileType = sourcecode.swift; path = HKPicturePickerController.swift; sourceTree = "<group>"; };
		D3BC80AA214769B600A0DDA9 /* StatusPictureView.swift */ = {isa = PBXFileReference; lastKnownFileType = sourcecode.swift; path = StatusPictureView.swift; sourceTree = "<group>"; };
		D3CAF41F218C58190098A8A4 /* WBRefreshControl.swift */ = {isa = PBXFileReference; lastKnownFileType = sourcecode.swift; path = WBRefreshControl.swift; sourceTree = "<group>"; };
		D3CAF423218C5BBB0098A8A4 /* WBRefreshView.xib */ = {isa = PBXFileReference; lastKnownFileType = file.xib; path = WBRefreshView.xib; sourceTree = "<group>"; };
		D3EB5A42213930E200CABADA /* UIColor+Extension.swift */ = {isa = PBXFileReference; lastKnownFileType = sourcecode.swift; path = "UIColor+Extension.swift"; sourceTree = "<group>"; };
		D3F9C239213D11310036860E /* WelcomViewController.swift */ = {isa = PBXFileReference; lastKnownFileType = sourcecode.swift; path = WelcomViewController.swift; sourceTree = "<group>"; };
/* End PBXFileReference section */

/* Begin PBXFrameworksBuildPhase section */
		D3934D75212A66FA00C7886D /* Frameworks */ = {
			isa = PBXFrameworksBuildPhase;
			buildActionMask = 2147483647;
			files = (
				D698A04B6ACF6E0CD092586A /* Pods_Swift_Weibo.framework in Frameworks */,
			);
			runOnlyForDeploymentPostprocessing = 0;
		};
/* End PBXFrameworksBuildPhase section */

/* Begin PBXGroup section */
		64FDC8F2E3A303B5D2BD2535 /* Frameworks */ = {
			isa = PBXGroup;
			children = (
				C1A1E5B17873A5FC68CC2D45 /* Pods_Swift_Weibo.framework */,
			);
			name = Frameworks;
			sourceTree = "<group>";
		};
		B930BC403236117A1C74054E /* Pods */ = {
			isa = PBXGroup;
			children = (
				53310AF4666B1717AB307204 /* Pods-Swift_Weibo.debug.xcconfig */,
				2C01CE1CA45E9F1688560941 /* Pods-Swift_Weibo.release.xcconfig */,
			);
			name = Pods;
			sourceTree = "<group>";
		};
		D3037FD321A4FB42003687D5 /* Emoticon */ = {
			isa = PBXGroup;
			children = (
				D3037FE421A4FC06003687D5 /* UITextView+Emoticon.swift */,
				D3037FD421A4FB42003687D5 /* ViewModel */,
				D3037FD621A4FB42003687D5 /* EmoticonAttachment.swift */,
				D3037FD721A4FB42003687D5 /* Model */,
				D3037FDA21A4FB42003687D5 /* HKEmoticons.bundle */,
				D3037FDB21A4FB42003687D5 /* HKEmoticonView.swift */,
				D3037FDC21A4FB42003687D5 /* String+Emoji.swift */,
			);
			path = Emoticon;
			sourceTree = "<group>";
		};
		D3037FD421A4FB42003687D5 /* ViewModel */ = {
			isa = PBXGroup;
			children = (
				D3037FD521A4FB42003687D5 /* HKEmoticonManager.swift */,
			);
			path = ViewModel;
			sourceTree = "<group>";
		};
		D3037FD721A4FB42003687D5 /* Model */ = {
			isa = PBXGroup;
			children = (
				D3037FD821A4FB42003687D5 /* HKEmoticon.swift */,
				D3037FD921A4FB42003687D5 /* HKEmoticonPackage.swift */,
			);
			path = Model;
			sourceTree = "<group>";
		};
		D30AACD72137E87B00EE37FD /* ViewModel */ = {
			isa = PBXGroup;
			children = (
				D30AACDA2137E90800EE37FD /* UserAccountViewModel.swift */,
				D39CD4FB2140CEB700C0A289 /* StatusListViewModel.swift */,
				D39CD4FF2140DC8400C0A289 /* StatusViewModel.swift */,
			);
			path = ViewModel;
			sourceTree = "<group>";
		};
		D35C9024212BB2CB0096BFF6 /* Extension */ = {
			isa = PBXGroup;
			children = (
				D38EC68421F8400D007D6218 /* String+Regex.swift */,
				D3B8B43E21A7E3A100B71409 /* UIImage+Extension.swift */,
				D35C9025212BB3430096BFF6 /* UIButton+Extension.swift */,
				D3928321212E8C7500D02D17 /* UILable+Extension.swift */,
				D3928323212E9CC400D02D17 /* UIImageView+Extension.swift */,
				D383215821368977003FE31E /* String+Extension.swift */,
				D3EB5A42213930E200CABADA /* UIColor+Extension.swift */,
				D38ED65921A4066A00F44DE3 /* UIBarButtonItem+Extension.swift */,
				D38FEE1C21EF371100857306 /* Date+Extension.swift */,
			);
			path = Extension;
			sourceTree = "<group>";
		};
		D35C9028212BE5E80096BFF6 /* Visitor */ = {
			isa = PBXGroup;
			children = (
				D35C9029212BE6020096BFF6 /* VisitorTableViewController.swift */,
				D35C902B212BEB2B0096BFF6 /* VisitorView.swift */,
			);
			path = Visitor;
			sourceTree = "<group>";
		};
		D366C6A121E340D3000A140D /* Libs */ = {
			isa = PBXGroup;
			children = (
			);
			path = Libs;
			sourceTree = "<group>";
		};
		D383215B2136ABFA003FE31E /* Model */ = {
			isa = PBXGroup;
			children = (
				D383215C2136AC32003FE31E /* UserAccount.swift */,
				D3992E0B213FCE7200A95554 /* Status.swift */,
				D39CD4FD2140D3A900C0A289 /* User.swift */,
			);
			path = Model;
			sourceTree = "<group>";
		};
		D38ED65421A3BD0100F44DE3 /* Compose */ = {
			isa = PBXGroup;
			children = (
				D38ED65521A3BD3000F44DE3 /* ComposeViewController.swift */,
			);
			path = Compose;
			sourceTree = "<group>";
		};
		D3934D6F212A66FA00C7886D = {
			isa = PBXGroup;
			children = (
				D3934D7A212A66FA00C7886D /* Swift_Weibo */,
				D3934D79212A66FA00C7886D /* Products */,
				B930BC403236117A1C74054E /* Pods */,
				64FDC8F2E3A303B5D2BD2535 /* Frameworks */,
			);
			sourceTree = "<group>";
		};
		D3934D79212A66FA00C7886D /* Products */ = {
			isa = PBXGroup;
			children = (
				D3934D78212A66FA00C7886D /* Weibo.app */,
			);
			name = Products;
			sourceTree = "<group>";
		};
		D3934D7A212A66FA00C7886D /* Swift_Weibo */ = {
			isa = PBXGroup;
			children = (
				D3934D8F212A9E7F00C7886D /* Classes */,
				D3934D7B212A66FA00C7886D /* AppDelegate.swift */,
				D345355D212FF201000E9BC7 /* Swift_OCHybrid.h */,
				D345355E212FF201000E9BC7 /* Swift_OCHybrid.m */,
				D3934DA7212AA36800C7886D /* Assets.xcassets */,
				D345355C212FF200000E9BC7 /* Swift_Weibo-Bridging-Header.h */,
			);
			path = Swift_Weibo;
			sourceTree = "<group>";
		};
		D3934D8F212A9E7F00C7886D /* Classes */ = {
			isa = PBXGroup;
			children = (
				D366C6A121E340D3000A140D /* Libs */,
				D3934D91212A9E7F00C7886D /* Tools */,
				D3934D93212A9E7F00C7886D /* View */,
				D383215B2136ABFA003FE31E /* Model */,
				D30AACD72137E87B00EE37FD /* ViewModel */,
			);
			path = Classes;
			sourceTree = "<group>";
		};
		D3934D91212A9E7F00C7886D /* Tools */ = {
			isa = PBXGroup;
			children = (
				D3961D6C21B76AA700D28564 /* PhotoBrowser */,
				D3B8B44021A7E42C00B71409 /* PicturePicker */,
				D3B8B44121A7E45700B71409 /* HKPicturePickerController.swift */,
				D3037FD321A4FB42003687D5 /* Emoticon */,
				D35C9024212BB2CB0096BFF6 /* Extension */,
				D3928325212EB61500D02D17 /* Common.swift */,
				D39A5D33213E899D00DD9552 /* Dispatch.swift */,
				D3453558212F9F7E000E9BC7 /* SoundTools.swift */,
				D3A42D072134FAAD0049A4A0 /* NetworkTools.swift */,
				D366C67D21E30238000A140D /* NetworkToolsAFN.swift */,
			);
			path = Tools;
			sourceTree = "<group>";
		};
		D3934D93212A9E7F00C7886D /* View */ = {
			isa = PBXGroup;
			children = (
				D38ED65421A3BD0100F44DE3 /* Compose */,
				D3A42D0D2135435E0049A4A0 /* OAuth */,
				D3934D98212A9E7F00C7886D /* Main */,
				D3934D94212A9E7F00C7886D /* Home */,
				D3934D96212A9E7F00C7886D /* Message */,
				D3934D95212A9E7F00C7886D /* Discovery */,
				D3934D97212A9E7F00C7886D /* Profile */,
			);
			path = View;
			sourceTree = "<group>";
		};
		D3934D94212A9E7F00C7886D /* Home */ = {
			isa = PBXGroup;
			children = (
				D3CAF41E218C57F60098A8A4 /* RefreshView */,
				D39CD50221412D3400C0A289 /* StatusCell */,
				D3934D9F212AA28400C7886D /* HomeTableViewController.swift */,
			);
			path = Home;
			sourceTree = "<group>";
		};
		D3934D95212A9E7F00C7886D /* Discovery */ = {
			isa = PBXGroup;
			children = (
				D3934DA3212AA2AF00C7886D /* DiscoveryTableViewController.swift */,
			);
			path = Discovery;
			sourceTree = "<group>";
		};
		D3934D96212A9E7F00C7886D /* Message */ = {
			isa = PBXGroup;
			children = (
				D3934DA1212AA29C00C7886D /* MessageTableViewController.swift */,
			);
			path = Message;
			sourceTree = "<group>";
		};
		D3934D97212A9E7F00C7886D /* Profile */ = {
			isa = PBXGroup;
			children = (
				D3934DA5212AA2C000C7886D /* ProfileTableViewController.swift */,
			);
			path = Profile;
			sourceTree = "<group>";
		};
		D3934D98212A9E7F00C7886D /* Main */ = {
			isa = PBXGroup;
			children = (
				D3B731972139115C0031C676 /* NewFeature */,
				D35C9028212BE5E80096BFF6 /* Visitor */,
				D3934D9D212AA23C00C7886D /* MainViewController.swift */,
			);
			path = Main;
			sourceTree = "<group>";
		};
		D3961D6C21B76AA700D28564 /* PhotoBrowser */ = {
			isa = PBXGroup;
			children = (
				D3961D7021B7767B00D28564 /* HKPhotoBrowserViewController.swift */,
				D3961D7221B7A18700D28564 /* HKPhotoBrowserCell.swift */,
				D38C66D421C34F29009D5B1C /* HKPhotoBrowserProgressImageView.swift */,
				D38716A621C0E5D400231682 /* HKPhotoBrowserProgressView.swift */,
				D35F5A2F21D2021900D82DB2 /* HKPhotoBrowserAnimator.swift */,
			);
			path = PhotoBrowser;
			sourceTree = "<group>";
		};
		D39CD50221412D3400C0A289 /* StatusCell */ = {
			isa = PBXGroup;
			children = (
				D39CD50321412D5C00C0A289 /* StatusCell.swift */,
				D3B32D41218AEA9D00E4CE9D /* StatusNormalCell.swift */,
				D317384D216DEDF900E939DB /* StatusRetweetedCell.swift */,
				D39CD50521412D7400C0A289 /* StatusCellTopView.swift */,
				D39CD50721412D8600C0A289 /* StatusCellBottomView.swift */,
				D3BC80AA214769B600A0DDA9 /* StatusPictureView.swift */,
			);
			path = StatusCell;
			sourceTree = "<group>";
		};
		D3A42D0D2135435E0049A4A0 /* OAuth */ = {
			isa = PBXGroup;
			children = (
				D3A42D0E213543FD0049A4A0 /* OAuthViewController.swift */,
			);
			path = OAuth;
			sourceTree = "<group>";
		};
		D3B731972139115C0031C676 /* NewFeature */ = {
			isa = PBXGroup;
			children = (
				D3B73198213911E80031C676 /* NewFeatureViewController.swift */,
				D3F9C239213D11310036860E /* WelcomViewController.swift */,
			);
			path = NewFeature;
			sourceTree = "<group>";
		};
		D3B8B44021A7E42C00B71409 /* PicturePicker */ = {
			isa = PBXGroup;
			children = (
			);
			path = PicturePicker;
			sourceTree = "<group>";
		};
		D3CAF41E218C57F60098A8A4 /* RefreshView */ = {
			isa = PBXGroup;
			children = (
				D3CAF41F218C58190098A8A4 /* WBRefreshControl.swift */,
				D3CAF423218C5BBB0098A8A4 /* WBRefreshView.xib */,
			);
			path = RefreshView;
			sourceTree = "<group>";
		};
/* End PBXGroup section */

/* Begin PBXNativeTarget section */
		D3934D77212A66FA00C7886D /* Swift_Weibo */ = {
			isa = PBXNativeTarget;
			buildConfigurationList = D3934D8A212A66FD00C7886D /* Build configuration list for PBXNativeTarget "Swift_Weibo" */;
			buildPhases = (
				50715904A4D78788B5835EFF /* [CP] Check Pods Manifest.lock */,
				D3934D74212A66FA00C7886D /* Sources */,
				D3934D75212A66FA00C7886D /* Frameworks */,
				D3934D76212A66FA00C7886D /* Resources */,
				E2EB8FA4C65F7B41236EFD62 /* [CP] Embed Pods Frameworks */,
				04DB62F0BD794307C3EF51AE /* [CP] Copy Pods Resources */,
			);
			buildRules = (
			);
			dependencies = (
			);
			name = Swift_Weibo;
			productName = Swift_Weibo;
			productReference = D3934D78212A66FA00C7886D /* Weibo.app */;
			productType = "com.apple.product-type.application";
		};
/* End PBXNativeTarget section */

/* Begin PBXProject section */
		D3934D70212A66FA00C7886D /* Project object */ = {
			isa = PBXProject;
			attributes = {
				LastSwiftUpdateCheck = 0940;
				LastUpgradeCheck = 0940;
				ORGANIZATIONNAME = houke;
				TargetAttributes = {
					D3934D77212A66FA00C7886D = {
						CreatedOnToolsVersion = 9.4.1;
						LastSwiftMigration = 0940;
					};
				};
			};
			buildConfigurationList = D3934D73212A66FA00C7886D /* Build configuration list for PBXProject "Swift_Weibo" */;
			compatibilityVersion = "Xcode 9.3";
			developmentRegion = en;
			hasScannedForEncodings = 0;
			knownRegions = (
				en,
				Base,
			);
			mainGroup = D3934D6F212A66FA00C7886D;
			productRefGroup = D3934D79212A66FA00C7886D /* Products */;
			projectDirPath = "";
			projectRoot = "";
			targets = (
				D3934D77212A66FA00C7886D /* Swift_Weibo */,
			);
		};
/* End PBXProject section */

/* Begin PBXResourcesBuildPhase section */
		D3934D76212A66FA00C7886D /* Resources */ = {
			isa = PBXResourcesBuildPhase;
			buildActionMask = 2147483647;
			files = (
				D3037FE121A4FB43003687D5 /* HKEmoticons.bundle in Resources */,
				D3934DA8212AA36800C7886D /* Assets.xcassets in Resources */,
				D3CAF424218C5BBB0098A8A4 /* WBRefreshView.xib in Resources */,
			);
			runOnlyForDeploymentPostprocessing = 0;
		};
/* End PBXResourcesBuildPhase section */

/* Begin PBXShellScriptBuildPhase section */
		04DB62F0BD794307C3EF51AE /* [CP] Copy Pods Resources */ = {
			isa = PBXShellScriptBuildPhase;
			buildActionMask = 2147483647;
			files = (
			);
			inputPaths = (
			);
			name = "[CP] Copy Pods Resources";
			outputPaths = (
			);
			runOnlyForDeploymentPostprocessing = 0;
			shellPath = /bin/sh;
			shellScript = "\"${SRCROOT}/Pods/Target Support Files/Pods-Swift_Weibo/Pods-Swift_Weibo-resources.sh\"\n";
			showEnvVarsInLog = 0;
		};
		50715904A4D78788B5835EFF /* [CP] Check Pods Manifest.lock */ = {
			isa = PBXShellScriptBuildPhase;
			buildActionMask = 2147483647;
			files = (
			);
			inputPaths = (
				"${PODS_PODFILE_DIR_PATH}/Podfile.lock",
				"${PODS_ROOT}/Manifest.lock",
			);
			name = "[CP] Check Pods Manifest.lock";
			outputPaths = (
				"$(DERIVED_FILE_DIR)/Pods-Swift_Weibo-checkManifestLockResult.txt",
			);
			runOnlyForDeploymentPostprocessing = 0;
			shellPath = /bin/sh;
			shellScript = "diff \"${PODS_PODFILE_DIR_PATH}/Podfile.lock\" \"${PODS_ROOT}/Manifest.lock\" > /dev/null\nif [ $? != 0 ] ; then\n    # print error to STDERR\n    echo \"error: The sandbox is not in sync with the Podfile.lock. Run 'pod install' or update your CocoaPods installation.\" >&2\n    exit 1\nfi\n# This output is used by Xcode 'outputs' to avoid re-running this script phase.\necho \"SUCCESS\" > \"${SCRIPT_OUTPUT_FILE_0}\"\n";
			showEnvVarsInLog = 0;
		};
		E2EB8FA4C65F7B41236EFD62 /* [CP] Embed Pods Frameworks */ = {
			isa = PBXShellScriptBuildPhase;
			buildActionMask = 2147483647;
			files = (
			);
			inputPaths = (
				"${SRCROOT}/Pods/Target Support Files/Pods-Swift_Weibo/Pods-Swift_Weibo-frameworks.sh",
				"${BUILT_PRODUCTS_DIR}/AFNetworking/AFNetworking.framework",
				"${BUILT_PRODUCTS_DIR}/Alamofire/Alamofire.framework",
				"${BUILT_PRODUCTS_DIR}/FLAnimatedImage/FLAnimatedImage.framework",
				"${BUILT_PRODUCTS_DIR}/QorumLogs/QorumLogs.framework",
				"${BUILT_PRODUCTS_DIR}/SDWebImage/SDWebImage.framework",
				"${BUILT_PRODUCTS_DIR}/SVProgressHUD/SVProgressHUD.framework",
				"${BUILT_PRODUCTS_DIR}/SnapKit/SnapKit.framework",
			);
			name = "[CP] Embed Pods Frameworks";
			outputPaths = (
				"${TARGET_BUILD_DIR}/${FRAMEWORKS_FOLDER_PATH}/AFNetworking.framework",
				"${TARGET_BUILD_DIR}/${FRAMEWORKS_FOLDER_PATH}/Alamofire.framework",
				"${TARGET_BUILD_DIR}/${FRAMEWORKS_FOLDER_PATH}/FLAnimatedImage.framework",
				"${TARGET_BUILD_DIR}/${FRAMEWORKS_FOLDER_PATH}/QorumLogs.framework",
				"${TARGET_BUILD_DIR}/${FRAMEWORKS_FOLDER_PATH}/SDWebImage.framework",
				"${TARGET_BUILD_DIR}/${FRAMEWORKS_FOLDER_PATH}/SVProgressHUD.framework",
				"${TARGET_BUILD_DIR}/${FRAMEWORKS_FOLDER_PATH}/SnapKit.framework",
			);
			runOnlyForDeploymentPostprocessing = 0;
			shellPath = /bin/sh;
			shellScript = "\"${SRCROOT}/Pods/Target Support Files/Pods-Swift_Weibo/Pods-Swift_Weibo-frameworks.sh\"\n";
			showEnvVarsInLog = 0;
		};
/* End PBXShellScriptBuildPhase section */

/* Begin PBXSourcesBuildPhase section */
		D3934D74212A66FA00C7886D /* Sources */ = {
			isa = PBXSourcesBuildPhase;
			buildActionMask = 2147483647;
			files = (
				D3B8B44221A7E45700B71409 /* HKPicturePickerController.swift in Sources */,
				D39CD4FE2140D3A900C0A289 /* User.swift in Sources */,
				D317384E216DEDF900E939DB /* StatusRetweetedCell.swift in Sources */,
				D3EB5A43213930E200CABADA /* UIColor+Extension.swift in Sources */,
				D3934DA6212AA2C000C7886D /* ProfileTableViewController.swift in Sources */,
				D3037FDE21A4FB43003687D5 /* EmoticonAttachment.swift in Sources */,
				D3934DA0212AA28400C7886D /* HomeTableViewController.swift in Sources */,
				D3F9C23A213D11310036860E /* WelcomViewController.swift in Sources */,
				D383215D2136AC32003FE31E /* UserAccount.swift in Sources */,
				D38EC68521F8400D007D6218 /* String+Regex.swift in Sources */,
				D35F5A3021D2021900D82DB2 /* HKPhotoBrowserAnimator.swift in Sources */,
				D3A42D082134FAAD0049A4A0 /* NetworkTools.swift in Sources */,
				D39CD5002140DC8400C0A289 /* StatusViewModel.swift in Sources */,
				D3928322212E8C7500D02D17 /* UILable+Extension.swift in Sources */,
				D3A42D0F213543FD0049A4A0 /* OAuthViewController.swift in Sources */,
				D39CD4FC2140CEB700C0A289 /* StatusListViewModel.swift in Sources */,
				D39CD50421412D5C00C0A289 /* StatusCell.swift in Sources */,
				D366C67E21E30238000A140D /* NetworkToolsAFN.swift in Sources */,
				D345355F212FF201000E9BC7 /* Swift_OCHybrid.m in Sources */,
				D3CAF420218C58190098A8A4 /* WBRefreshControl.swift in Sources */,
				D39A5D34213E899D00DD9552 /* Dispatch.swift in Sources */,
				D38ED65A21A4066A00F44DE3 /* UIBarButtonItem+Extension.swift in Sources */,
				D3934DA4212AA2AF00C7886D /* DiscoveryTableViewController.swift in Sources */,
				D39CD50821412D8600C0A289 /* StatusCellBottomView.swift in Sources */,
				D3992E0C213FCE7200A95554 /* Status.swift in Sources */,
				D3928326212EB61500D02D17 /* Common.swift in Sources */,
				D38ED65621A3BD3000F44DE3 /* ComposeViewController.swift in Sources */,
				D3037FDD21A4FB43003687D5 /* HKEmoticonManager.swift in Sources */,
				D383215921368977003FE31E /* String+Extension.swift in Sources */,
				D3037FDF21A4FB43003687D5 /* HKEmoticon.swift in Sources */,
				D3934D7C212A66FA00C7886D /* AppDelegate.swift in Sources */,
				D38C66D521C34F29009D5B1C /* HKPhotoBrowserProgressImageView.swift in Sources */,
				D3037FE321A4FB43003687D5 /* String+Emoji.swift in Sources */,
				D35C902A212BE6020096BFF6 /* VisitorTableViewController.swift in Sources */,
				D3934DA2212AA29C00C7886D /* MessageTableViewController.swift in Sources */,
				D3961D7321B7A18700D28564 /* HKPhotoBrowserCell.swift in Sources */,
				D3961D7121B7767B00D28564 /* HKPhotoBrowserViewController.swift in Sources */,
				D30AACDB2137E90800EE37FD /* UserAccountViewModel.swift in Sources */,
				D3B8B43F21A7E3A200B71409 /* UIImage+Extension.swift in Sources */,
				D3BC80AB214769B600A0DDA9 /* StatusPictureView.swift in Sources */,
				D3037FE521A4FC06003687D5 /* UITextView+Emoticon.swift in Sources */,
				D39CD50621412D7400C0A289 /* StatusCellTopView.swift in Sources */,
				D38FEE1D21EF371100857306 /* Date+Extension.swift in Sources */,
				D3037FE221A4FB43003687D5 /* HKEmoticonView.swift in Sources */,
				D3928324212E9CC400D02D17 /* UIImageView+Extension.swift in Sources */,
				D38716A721C0E5D400231682 /* HKPhotoBrowserProgressView.swift in Sources */,
				D35C902C212BEB2B0096BFF6 /* VisitorView.swift in Sources */,
				D3934D9E212AA23C00C7886D /* MainViewController.swift in Sources */,
				D35C9026212BB3430096BFF6 /* UIButton+Extension.swift in Sources */,
				D3B73199213911E80031C676 /* NewFeatureViewController.swift in Sources */,
				D3B32D42218AEA9E00E4CE9D /* StatusNormalCell.swift in Sources */,
				D3453559212F9F7E000E9BC7 /* SoundTools.swift in Sources */,
				D3037FE021A4FB43003687D5 /* HKEmoticonPackage.swift in Sources */,
			);
			runOnlyForDeploymentPostprocessing = 0;
		};
/* End PBXSourcesBuildPhase section */

/* Begin XCBuildConfiguration section */
		D3934D88212A66FD00C7886D /* Debug */ = {
			isa = XCBuildConfiguration;
			buildSettings = {
				ALWAYS_SEARCH_USER_PATHS = NO;
				CLANG_ANALYZER_NONNULL = YES;
				CLANG_ANALYZER_NUMBER_OBJECT_CONVERSION = YES_AGGRESSIVE;
				CLANG_CXX_LANGUAGE_STANDARD = "gnu++14";
				CLANG_CXX_LIBRARY = "libc++";
				CLANG_ENABLE_MODULES = YES;
				CLANG_ENABLE_OBJC_ARC = YES;
				CLANG_ENABLE_OBJC_WEAK = YES;
				CLANG_WARN_BLOCK_CAPTURE_AUTORELEASING = YES;
				CLANG_WARN_BOOL_CONVERSION = YES;
				CLANG_WARN_COMMA = YES;
				CLANG_WARN_CONSTANT_CONVERSION = YES;
				CLANG_WARN_DEPRECATED_OBJC_IMPLEMENTATIONS = YES;
				CLANG_WARN_DIRECT_OBJC_ISA_USAGE = YES_ERROR;
				CLANG_WARN_DOCUMENTATION_COMMENTS = YES;
				CLANG_WARN_EMPTY_BODY = YES;
				CLANG_WARN_ENUM_CONVERSION = YES;
				CLANG_WARN_INFINITE_RECURSION = YES;
				CLANG_WARN_INT_CONVERSION = YES;
				CLANG_WARN_NON_LITERAL_NULL_CONVERSION = YES;
				CLANG_WARN_OBJC_IMPLICIT_RETAIN_SELF = YES;
				CLANG_WARN_OBJC_LITERAL_CONVERSION = YES;
				CLANG_WARN_OBJC_ROOT_CLASS = YES_ERROR;
				CLANG_WARN_RANGE_LOOP_ANALYSIS = YES;
				CLANG_WARN_STRICT_PROTOTYPES = YES;
				CLANG_WARN_SUSPICIOUS_MOVE = YES;
				CLANG_WARN_UNGUARDED_AVAILABILITY = YES_AGGRESSIVE;
				CLANG_WARN_UNREACHABLE_CODE = YES;
				CLANG_WARN__DUPLICATE_METHOD_MATCH = YES;
				CODE_SIGN_IDENTITY = "iPhone Developer";
				COPY_PHASE_STRIP = NO;
				DEBUG_INFORMATION_FORMAT = dwarf;
				ENABLE_STRICT_OBJC_MSGSEND = YES;
				ENABLE_TESTABILITY = YES;
				GCC_C_LANGUAGE_STANDARD = gnu11;
				GCC_DYNAMIC_NO_PIC = NO;
				GCC_NO_COMMON_BLOCKS = YES;
				GCC_OPTIMIZATION_LEVEL = 0;
				GCC_PREPROCESSOR_DEFINITIONS = (
					"DEBUG=1",
					"$(inherited)",
				);
				GCC_WARN_64_TO_32_BIT_CONVERSION = YES;
				GCC_WARN_ABOUT_RETURN_TYPE = YES_ERROR;
				GCC_WARN_UNDECLARED_SELECTOR = YES;
				GCC_WARN_UNINITIALIZED_AUTOS = YES_AGGRESSIVE;
				GCC_WARN_UNUSED_FUNCTION = YES;
				GCC_WARN_UNUSED_VARIABLE = YES;
				IPHONEOS_DEPLOYMENT_TARGET = 11.4;
				MTL_ENABLE_DEBUG_INFO = YES;
				ONLY_ACTIVE_ARCH = YES;
				SDKROOT = iphoneos;
				SWIFT_ACTIVE_COMPILATION_CONDITIONS = DEBUG;
				SWIFT_OPTIMIZATION_LEVEL = "-Onone";
			};
			name = Debug;
		};
		D3934D89212A66FD00C7886D /* Release */ = {
			isa = XCBuildConfiguration;
			buildSettings = {
				ALWAYS_SEARCH_USER_PATHS = NO;
				CLANG_ANALYZER_NONNULL = YES;
				CLANG_ANALYZER_NUMBER_OBJECT_CONVERSION = YES_AGGRESSIVE;
				CLANG_CXX_LANGUAGE_STANDARD = "gnu++14";
				CLANG_CXX_LIBRARY = "libc++";
				CLANG_ENABLE_MODULES = YES;
				CLANG_ENABLE_OBJC_ARC = YES;
				CLANG_ENABLE_OBJC_WEAK = YES;
				CLANG_WARN_BLOCK_CAPTURE_AUTORELEASING = YES;
				CLANG_WARN_BOOL_CONVERSION = YES;
				CLANG_WARN_COMMA = YES;
				CLANG_WARN_CONSTANT_CONVERSION = YES;
				CLANG_WARN_DEPRECATED_OBJC_IMPLEMENTATIONS = YES;
				CLANG_WARN_DIRECT_OBJC_ISA_USAGE = YES_ERROR;
				CLANG_WARN_DOCUMENTATION_COMMENTS = YES;
				CLANG_WARN_EMPTY_BODY = YES;
				CLANG_WARN_ENUM_CONVERSION = YES;
				CLANG_WARN_INFINITE_RECURSION = YES;
				CLANG_WARN_INT_CONVERSION = YES;
				CLANG_WARN_NON_LITERAL_NULL_CONVERSION = YES;
				CLANG_WARN_OBJC_IMPLICIT_RETAIN_SELF = YES;
				CLANG_WARN_OBJC_LITERAL_CONVERSION = YES;
				CLANG_WARN_OBJC_ROOT_CLASS = YES_ERROR;
				CLANG_WARN_RANGE_LOOP_ANALYSIS = YES;
				CLANG_WARN_STRICT_PROTOTYPES = YES;
				CLANG_WARN_SUSPICIOUS_MOVE = YES;
				CLANG_WARN_UNGUARDED_AVAILABILITY = YES_AGGRESSIVE;
				CLANG_WARN_UNREACHABLE_CODE = YES;
				CLANG_WARN__DUPLICATE_METHOD_MATCH = YES;
				CODE_SIGN_IDENTITY = "iPhone Developer";
				COPY_PHASE_STRIP = NO;
				DEBUG_INFORMATION_FORMAT = "dwarf-with-dsym";
				ENABLE_NS_ASSERTIONS = NO;
				ENABLE_STRICT_OBJC_MSGSEND = YES;
				GCC_C_LANGUAGE_STANDARD = gnu11;
				GCC_NO_COMMON_BLOCKS = YES;
				GCC_WARN_64_TO_32_BIT_CONVERSION = YES;
				GCC_WARN_ABOUT_RETURN_TYPE = YES_ERROR;
				GCC_WARN_UNDECLARED_SELECTOR = YES;
				GCC_WARN_UNINITIALIZED_AUTOS = YES_AGGRESSIVE;
				GCC_WARN_UNUSED_FUNCTION = YES;
				GCC_WARN_UNUSED_VARIABLE = YES;
				IPHONEOS_DEPLOYMENT_TARGET = 11.4;
				MTL_ENABLE_DEBUG_INFO = NO;
				SDKROOT = iphoneos;
				SWIFT_COMPILATION_MODE = wholemodule;
				SWIFT_OPTIMIZATION_LEVEL = "-O";
				VALIDATE_PRODUCT = YES;
			};
			name = Release;
		};
		D3934D8B212A66FD00C7886D /* Debug */ = {
			isa = XCBuildConfiguration;
			baseConfigurationReference = 53310AF4666B1717AB307204 /* Pods-Swift_Weibo.debug.xcconfig */;
			buildSettings = {
				ASSETCATALOG_COMPILER_APPICON_NAME = AppIcon;
				ASSETCATALOG_COMPILER_LAUNCHIMAGE_NAME = LaunchImage;
				CLANG_ENABLE_MODULES = YES;
				CODE_SIGN_STYLE = Automatic;
				DEVELOPMENT_TEAM = UMV2F5U78P;
				INFOPLIST_FILE = Swift_Weibo/Info.plist;
				IPHONEOS_DEPLOYMENT_TARGET = 9.0;
				LD_RUNPATH_SEARCH_PATHS = (
					"$(inherited)",
					"@executable_path/Frameworks",
				);
				PRODUCT_BUNDLE_IDENTIFIER = "com.hk.Swift-Weibo";
				PRODUCT_NAME = Weibo;
				SWIFT_OBJC_BRIDGING_HEADER = "Swift_Weibo/Swift_Weibo-Bridging-Header.h";
				SWIFT_OPTIMIZATION_LEVEL = "-Onone";
				SWIFT_VERSION = 4.0;
				TARGETED_DEVICE_FAMILY = 1;
			};
			name = Debug;
		};
		D3934D8C212A66FD00C7886D /* Release */ = {
			isa = XCBuildConfiguration;
			baseConfigurationReference = 2C01CE1CA45E9F1688560941 /* Pods-Swift_Weibo.release.xcconfig */;
			buildSettings = {
				ASSETCATALOG_COMPILER_APPICON_NAME = AppIcon;
				ASSETCATALOG_COMPILER_LAUNCHIMAGE_NAME = LaunchImage;
				CLANG_ENABLE_MODULES = YES;
				CODE_SIGN_STYLE = Automatic;
				DEVELOPMENT_TEAM = UMV2F5U78P;
				INFOPLIST_FILE = Swift_Weibo/Info.plist;
				IPHONEOS_DEPLOYMENT_TARGET = 9.0;
				LD_RUNPATH_SEARCH_PATHS = (
					"$(inherited)",
					"@executable_path/Frameworks",
				);
				PRODUCT_BUNDLE_IDENTIFIER = "com.hk.Swift-Weibo";
				PRODUCT_NAME = Weibo;
				SWIFT_OBJC_BRIDGING_HEADER = "Swift_Weibo/Swift_Weibo-Bridging-Header.h";
				SWIFT_VERSION = 4.0;
				TARGETED_DEVICE_FAMILY = 1;
			};
			name = Release;
		};
/* End XCBuildConfiguration section */

/* Begin XCConfigurationList section */
		D3934D73212A66FA00C7886D /* Build configuration list for PBXProject "Swift_Weibo" */ = {
			isa = XCConfigurationList;
			buildConfigurations = (
				D3934D88212A66FD00C7886D /* Debug */,
				D3934D89212A66FD00C7886D /* Release */,
			);
			defaultConfigurationIsVisible = 0;
			defaultConfigurationName = Release;
		};
		D3934D8A212A66FD00C7886D /* Build configuration list for PBXNativeTarget "Swift_Weibo" */ = {
			isa = XCConfigurationList;
			buildConfigurations = (
				D3934D8B212A66FD00C7886D /* Debug */,
				D3934D8C212A66FD00C7886D /* Release */,
			);
			defaultConfigurationIsVisible = 0;
			defaultConfigurationName = Release;
		};
/* End XCConfigurationList section */
	};
	rootObject = D3934D70212A66FA00C7886D /* Project object */;
}
